<?xml version="1.0" encoding="utf-8"?>
<Project ToolsVersion="4.0" xmlns="http://schemas.microsoft.com/developer/msbuild/2003">
  <ItemGroup>
    <FxCompile Include="FullscreenQuadPS.hlsl" />
    <FxCompile Include="FullscreenQuadVS.hlsl" />
    <FxCompile Include="PixelShader.hlsl" />
    <FxCompile Include="RefractPS.hlsl" />
    <FxCompile Include="RefractVS.hlsl" />
    <FxCompile Include="SkyBoxPixelShader.hlsl" />
    <FxCompile Include="SkyBoxVertexShader.hlsl" />
    <FxCompile Include="ToonEyesPixelShader.hlsl" />
    <FxCompile Include="ToonPixelShader.hlsl" />
    <FxCompile Include="UI_PS.hlsl" />
    <FxCompile Include="UI_VS.hlsl" />
    <FxCompile Include="VertexShader.hlsl" />
    <FxCompile Include="RefractPS.hlsl" />
    <FxCompile Include="RefractVS.hlsl" />
    <FxCompile Include="FullscreenQuadPS.hlsl" />
    <FxCompile Include="FullscreenQuadVS.hlsl" />
    <FxCompile Include="ToonPixelShader.hlsl" />
    <FxCompile Include="BlurPixelShader.hlsl" />
    <FxCompile Include="BlurVertexShader.hlsl" />
  </ItemGroup>
  <ItemGroup>
    <ClCompile Include="Camera.cpp" />
    <ClCompile Include="Creature.cpp" />
    <ClCompile Include="DXCore.cpp" />
    <ClCompile Include="Game.cpp" />
    <ClCompile Include="GameEntity.cpp" />
    <ClCompile Include="Main.cpp" />
    <ClCompile Include="Material.cpp" />
    <ClCompile Include="Mesh.cpp" />
    <ClCompile Include="SimpleShader.cpp" />
    <ClCompile Include="UIButton.cpp" />
  </ItemGroup>
  <ItemGroup>
    <ClInclude Include="Camera.h" />
    <ClInclude Include="Creature.h" />
    <ClInclude Include="DXCore.h" />
    <ClInclude Include="Game.h" />
    <ClInclude Include="GameEntity.h" />
    <ClInclude Include="GameStates.h" />
    <ClInclude Include="Lights.h" />
    <ClInclude Include="Material.h" />
    <ClInclude Include="Mesh.h" />
    <ClInclude Include="SimpleShader.h" />
    <ClInclude Include="UIButton.h" />
    <ClInclude Include="Vertex.h" />
  </ItemGroup>
  <ItemGroup>
    <None Include="..\x64\SpriteFont\myfile.spritefont" />
    <None Include="packages.config" />
  </ItemGroup>
</Project>